// !$*UTF8*$!
{
	archiveVersion = 1;
	classes = {
	};
	objectVersion = 50;
	objects = {

/* Begin PBXBuildFile section */
		07F1B89F2644BF0D00479068 /* LiveListProjectApp.swift in Sources */ = {isa = PBXBuildFile; fileRef = 07F1B89E2644BF0D00479068 /* LiveListProjectApp.swift */; };
		07F1B8A12644BF0D00479068 /* ContentView.swift in Sources */ = {isa = PBXBuildFile; fileRef = 07F1B8A02644BF0D00479068 /* ContentView.swift */; };
		07F1B8A32644BF1500479068 /* Assets.xcassets in Resources */ = {isa = PBXBuildFile; fileRef = 07F1B8A22644BF1500479068 /* Assets.xcassets */; };
		07F1B8A62644BF1500479068 /* Preview Assets.xcassets in Resources */ = {isa = PBXBuildFile; fileRef = 07F1B8A52644BF1500479068 /* Preview Assets.xcassets */; };
		07F1B8AE2644C47D00479068 /* CountryModel.swift in Sources */ = {isa = PBXBuildFile; fileRef = 07F1B8AD2644C47D00479068 /* CountryModel.swift */; };
		07F1B8B02644C82C00479068 /* CountryController.swift in Sources */ = {isa = PBXBuildFile; fileRef = 07F1B8AF2644C82B00479068 /* CountryController.swift */; };
		07F2E46B264B64D0009DDAEB /* DetailView.swift in Sources */ = {isa = PBXBuildFile; fileRef = 07F2E46A264B64D0009DDAEB /* DetailView.swift */; };
		07F2E46E264E045B009DDAEB /* AddCountryView.swift in Sources */ = {isa = PBXBuildFile; fileRef = 07F2E46D264E045B009DDAEB /* AddCountryView.swift */; };
/* End PBXBuildFile section */

/* Begin PBXFileReference section */
		07F1B89B2644BF0D00479068 /* LiveListProject.app */ = {isa = PBXFileReference; explicitFileType = wrapper.application; includeInIndex = 0; path = LiveListProject.app; sourceTree = BUILT_PRODUCTS_DIR; };
		07F1B89E2644BF0D00479068 /* LiveListProjectApp.swift */ = {isa = PBXFileReference; lastKnownFileType = sourcecode.swift; path = LiveListProjectApp.swift; sourceTree = "<group>"; };
		07F1B8A02644BF0D00479068 /* ContentView.swift */ = {isa = PBXFileReference; lastKnownFileType = sourcecode.swift; path = ContentView.swift; sourceTree = "<group>"; };
		07F1B8A22644BF1500479068 /* Assets.xcassets */ = {isa = PBXFileReference; lastKnownFileType = folder.assetcatalog; path = Assets.xcassets; sourceTree = "<group>"; };
		07F1B8A52644BF1500479068 /* Preview Assets.xcassets */ = {isa = PBXFileReference; lastKnownFileType = folder.assetcatalog; path = "Preview Assets.xcassets"; sourceTree = "<group>"; };
		07F1B8A72644BF1500479068 /* Info.plist */ = {isa = PBXFileReference; lastKnownFileType = text.plist.xml; path = Info.plist; sourceTree = "<group>"; };
		07F1B8AD2644C47D00479068 /* CountryModel.swift */ = {isa = PBXFileReference; lastKnownFileType = sourcecode.swift; path = CountryModel.swift; sourceTree = "<group>"; };
		07F1B8AF2644C82B00479068 /* CountryController.swift */ = {isa = PBXFileReference; lastKnownFileType = sourcecode.swift; path = CountryController.swift; sourceTree = "<group>"; };
		07F2E46A264B64D0009DDAEB /* DetailView.swift */ = {isa = PBXFileReference; lastKnownFileType = sourcecode.swift; path = DetailView.swift; sourceTree = "<group>"; };
		07F2E46D264E045B009DDAEB /* AddCountryView.swift */ = {isa = PBXFileReference; lastKnownFileType = sourcecode.swift; path = AddCountryView.swift; sourceTree = "<group>"; };
/* End PBXFileReference section */

/* Begin PBXFrameworksBuildPhase section */
		07F1B8982644BF0D00479068 /* Frameworks */ = {
			isa = PBXFrameworksBuildPhase;
			buildActionMask = 2147483647;
			files = (
			);
			runOnlyForDeploymentPostprocessing = 0;
		};
/* End PBXFrameworksBuildPhase section */

/* Begin PBXGroup section */
		07F1B8922644BF0D00479068 = {
			isa = PBXGroup;
			children = (
				07F1B89D2644BF0D00479068 /* LiveListProject */,
				07F1B89C2644BF0D00479068 /* Products */,
			);
			sourceTree = "<group>";
		};
		07F1B89C2644BF0D00479068 /* Products */ = {
			isa = PBXGroup;
			children = (
				07F1B89B2644BF0D00479068 /* LiveListProject.app */,
			);
			name = Products;
			sourceTree = "<group>";
		};
		07F1B89D2644BF0D00479068 /* LiveListProject */ = {
			isa = PBXGroup;
			children = (
				07F2E46C264E0102009DDAEB /* Views */,
				07F1B89E2644BF0D00479068 /* LiveListProjectApp.swift */,
				07F1B8A22644BF1500479068 /* Assets.xcassets */,
				07F1B8A72644BF1500479068 /* Info.plist */,
				07F1B8A42644BF1500479068 /* Preview Content */,
				07F1B8AD2644C47D00479068 /* CountryModel.swift */,
				07F1B8AF2644C82B00479068 /* CountryController.swift */,
			);
			path = LiveListProject;
			sourceTree = "<group>";
		};
		07F1B8A42644BF1500479068 /* Preview Content */ = {
			isa = PBXGroup;
			children = (
				07F1B8A52644BF1500479068 /* Preview Assets.xcassets */,
			);
			path = "Preview Content";
			sourceTree = "<group>";
		};
		07F2E46C264E0102009DDAEB /* Views */ = {
			isa = PBXGroup;
			children = (
				07F1B8A02644BF0D00479068 /* ContentView.swift */,
				07F2E46A264B64D0009DDAEB /* DetailView.swift */,
				07F2E46D264E045B009DDAEB /* AddCountryView.swift */,
			);
			path = Views;
			sourceTree = "<group>";
		};
/* End PBXGroup section */

/* Begin PBXNativeTarget section */
		07F1B89A2644BF0D00479068 /* LiveListProject */ = {
			isa = PBXNativeTarget;
			buildConfigurationList = 07F1B8AA2644BF1500479068 /* Build configuration list for PBXNativeTarget "LiveListProject" */;
			buildPhases = (
				07F1B8972644BF0D00479068 /* Sources */,
				07F1B8982644BF0D00479068 /* Frameworks */,
				07F1B8992644BF0D00479068 /* Resources */,
			);
			buildRules = (
			);
			dependencies = (
			);
			name = LiveListProject;
			productName = LiveListProject;
			productReference = 07F1B89B2644BF0D00479068 /* LiveListProject.app */;
			productType = "com.apple.product-type.application";
		};
/* End PBXNativeTarget section */

/* Begin PBXProject section */
		07F1B8932644BF0D00479068 /* Project object */ = {
			isa = PBXProject;
			attributes = {
				LastSwiftUpdateCheck = 1250;
				LastUpgradeCheck = 1250;
				TargetAttributes = {
					07F1B89A2644BF0D00479068 = {
						CreatedOnToolsVersion = 12.5;
					};
				};
			};
			buildConfigurationList = 07F1B8962644BF0D00479068 /* Build configuration list for PBXProject "LiveListProject" */;
			compatibilityVersion = "Xcode 9.3";
			developmentRegion = en;
			hasScannedForEncodings = 0;
			knownRegions = (
				en,
				Base,
			);
			mainGroup = 07F1B8922644BF0D00479068;
			productRefGroup = 07F1B89C2644BF0D00479068 /* Products */;
			projectDirPath = "";
			projectRoot = "";
			targets = (
				07F1B89A2644BF0D00479068 /* LiveListProject */,
			);
		};
/* End PBXProject section */

/* Begin PBXResourcesBuildPhase section */
		07F1B8992644BF0D00479068 /* Resources */ = {
			isa = PBXResourcesBuildPhase;
			buildActionMask = 2147483647;
			files = (
				07F1B8A62644BF1500479068 /* Preview Assets.xcassets in Resources */,
				07F1B8A32644BF1500479068 /* Assets.xcassets in Resources */,
			);
			runOnlyForDeploymentPostprocessing = 0;
		};
/* End PBXResourcesBuildPhase section */

/* Begin PBXSourcesBuildPhase section */
		07F1B8972644BF0D00479068 /* Sources */ = {
			isa = PBXSourcesBuildPhase;
			buildActionMask = 2147483647;
			files = (
				07F1B8A12644BF0D00479068 /* ContentView.swift in Sources */,
				07F1B89F2644BF0D00479068 /* LiveListProjectApp.swift in Sources */,
				07F1B8B02644C82C00479068 /* CountryController.swift in Sources */,
				07F2E46B264B64D0009DDAEB /* DetailView.swift in Sources */,
				07F1B8AE2644C47D00479068 /* CountryModel.swift in Sources */,
				07F2E46E264E045B009DDAEB /* AddCountryView.swift in Sources */,
			);
			runOnlyForDeploymentPostprocessing = 0;
		};
/* End PBXSourcesBuildPhase section */

/* Begin XCBuildConfiguration section */
		07F1B8A82644BF1500479068 /* Debug */ = {
			isa = XCBuildConfiguration;
			buildSettings = {
				ALWAYS_SEARCH_USER_PATHS = NO;
				CLANG_ANALYZER_NONNULL = YES;
				CLANG_ANALYZER_NUMBER_OBJECT_CONVERSION = YES_AGGRESSIVE;
				CLANG_CXX_LANGUAGE_STANDARD = "gnu++14";
				CLANG_CXX_LIBRARY = "libc++";
				CLANG_ENABLE_MODULES = YES;
				CLANG_ENABLE_OBJC_ARC = YES;
				CLANG_ENABLE_OBJC_WEAK = YES;
				CLANG_WARN_BLOCK_CAPTURE_AUTORELEASING = YES;
				CLANG_WARN_BOOL_CONVERSION = YES;
				CLANG_WARN_COMMA = YES;
				CLANG_WARN_CONSTANT_CONVERSION = YES;
				CLANG_WARN_DEPRECATED_OBJC_IMPLEMENTATIONS = YES;
				CLANG_WARN_DIRECT_OBJC_ISA_USAGE = YES_ERROR;
				CLANG_WARN_DOCUMENTATION_COMMENTS = YES;
				CLANG_WARN_EMPTY_BODY = YES;
				CLANG_WARN_ENUM_CONVERSION = YES;
				CLANG_WARN_INFINITE_RECURSION = YES;
				CLANG_WARN_INT_CONVERSION = YES;
				CLANG_WARN_NON_LITERAL_NULL_CONVERSION = YES;
				CLANG_WARN_OBJC_IMPLICIT_RETAIN_SELF = YES;
				CLANG_WARN_OBJC_LITERAL_CONVERSION = YES;
				CLANG_WARN_OBJC_ROOT_CLASS = YES_ERROR;
				CLANG_WARN_QUOTED_INCLUDE_IN_FRAMEWORK_HEADER = YES;
				CLANG_WARN_RANGE_LOOP_ANALYSIS = YES;
				CLANG_WARN_STRICT_PROTOTYPES = YES;
				CLANG_WARN_SUSPICIOUS_MOVE = YES;
				CLANG_WARN_UNGUARDED_AVAILABILITY = YES_AGGRESSIVE;
				CLANG_WARN_UNREACHABLE_CODE = YES;
				CLANG_WARN__DUPLICATE_METHOD_MATCH = YES;
				COPY_PHASE_STRIP = NO;
				DEBUG_INFORMATION_FORMAT = dwarf;
				ENABLE_STRICT_OBJC_MSGSEND = YES;
				ENABLE_TESTABILITY = YES;
				GCC_C_LANGUAGE_STANDARD = gnu11;
				GCC_DYNAMIC_NO_PIC = NO;
				GCC_NO_COMMON_BLOCKS = YES;
				GCC_OPTIMIZATION_LEVEL = 0;
				GCC_PREPROCESSOR_DEFINITIONS = (
					"DEBUG=1",
					"$(inherited)",
				);
				GCC_WARN_64_TO_32_BIT_CONVERSION = YES;
				GCC_WARN_ABOUT_RETURN_TYPE = YES_ERROR;
				GCC_WARN_UNDECLARED_SELECTOR = YES;
				GCC_WARN_UNINITIALIZED_AUTOS = YES_AGGRESSIVE;
				GCC_WARN_UNUSED_FUNCTION = YES;
				GCC_WARN_UNUSED_VARIABLE = YES;
				IPHONEOS_DEPLOYMENT_TARGET = 14.5;
				MTL_ENABLE_DEBUG_INFO = INCLUDE_SOURCE;
				MTL_FAST_MATH = YES;
				ONLY_ACTIVE_ARCH = YES;
				SDKROOT = iphoneos;
				SWIFT_ACTIVE_COMPILATION_CONDITIONS = DEBUG;
				SWIFT_OPTIMIZATION_LEVEL = "-Onone";
			};
			name = Debug;
		};
		07F1B8A92644BF1500479068 /* Release */ = {
			isa = XCBuildConfiguration;
			buildSettings = {
				ALWAYS_SEARCH_USER_PATHS = NO;
				CLANG_ANALYZER_NONNULL = YES;
				CLANG_ANALYZER_NUMBER_OBJECT_CONVERSION = YES_AGGRESSIVE;
				CLANG_CXX_LANGUAGE_STANDARD = "gnu++14";
				CLANG_CXX_LIBRARY = "libc++";
				CLANG_ENABLE_MODULES = YES;
				CLANG_ENABLE_OBJC_ARC = YES;
				CLANG_ENABLE_OBJC_WEAK = YES;
				CLANG_WARN_BLOCK_CAPTURE_AUTORELEASING = YES;
				CLANG_WARN_BOOL_CONVERSION = YES;
				CLANG_WARN_COMMA = YES;
				CLANG_WARN_CONSTANT_CONVERSION = YES;
				CLANG_WARN_DEPRECATED_OBJC_IMPLEMENTATIONS = YES;
				CLANG_WARN_DIRECT_OBJC_ISA_USAGE = YES_ERROR;
				CLANG_WARN_DOCUMENTATION_COMMENTS = YES;
				CLANG_WARN_EMPTY_BODY = YES;
				CLANG_WARN_ENUM_CONVERSION = YES;
				CLANG_WARN_INFINITE_RECURSION = YES;
				CLANG_WARN_INT_CONVERSION = YES;
				CLANG_WARN_NON_LITERAL_NULL_CONVERSION = YES;
				CLANG_WARN_OBJC_IMPLICIT_RETAIN_SELF = YES;
				CLANG_WARN_OBJC_LITERAL_CONVERSION = YES;
				CLANG_WARN_OBJC_ROOT_CLASS = YES_ERROR;
				CLANG_WARN_QUOTED_INCLUDE_IN_FRAMEWORK_HEADER = YES;
				CLANG_WARN_RANGE_LOOP_ANALYSIS = YES;
				CLANG_WARN_STRICT_PROTOTYPES = YES;
				CLANG_WARN_SUSPICIOUS_MOVE = YES;
				CLANG_WARN_UNGUARDED_AVAILABILITY = YES_AGGRESSIVE;
				CLANG_WARN_UNREACHABLE_CODE = YES;
				CLANG_WARN__DUPLICATE_METHOD_MATCH = YES;
				COPY_PHASE_STRIP = NO;
				DEBUG_INFORMATION_FORMAT = "dwarf-with-dsym";
				ENABLE_NS_ASSERTIONS = NO;
				ENABLE_STRICT_OBJC_MSGSEND = YES;
				GCC_C_LANGUAGE_STANDARD = gnu11;
				GCC_NO_COMMON_BLOCKS = YES;
				GCC_WARN_64_TO_32_BIT_CONVERSION = YES;
				GCC_WARN_ABOUT_RETURN_TYPE = YES_ERROR;
				GCC_WARN_UNDECLARED_SELECTOR = YES;
				GCC_WARN_UNINITIALIZED_AUTOS = YES_AGGRESSIVE;
				GCC_WARN_UNUSED_FUNCTION = YES;
				GCC_WARN_UNUSED_VARIABLE = YES;
				IPHONEOS_DEPLOYMENT_TARGET = 14.5;
				MTL_ENABLE_DEBUG_INFO = NO;
				MTL_FAST_MATH = YES;
				SDKROOT = iphoneos;
				SWIFT_COMPILATION_MODE = wholemodule;
				SWIFT_OPTIMIZATION_LEVEL = "-O";
				VALIDATE_PRODUCT = YES;
			};
			name = Release;
		};
		07F1B8AB2644BF1500479068 /* Debug */ = {
			isa = XCBuildConfiguration;
			buildSettings = {
				ASSETCATALOG_COMPILER_APPICON_NAME = AppIcon;
				ASSETCATALOG_COMPILER_GLOBAL_ACCENT_COLOR_NAME = AccentColor;
				CODE_SIGN_STYLE = Automatic;
				DEVELOPMENT_ASSET_PATHS = "\"LiveListProject/Preview Content\"";
				ENABLE_PREVIEWS = YES;
				INFOPLIST_FILE = LiveListProject/Info.plist;
				IPHONEOS_DEPLOYMENT_TARGET = 14.0;
				LD_RUNPATH_SEARCH_PATHS = (
					"$(inherited)",
					"@executable_path/Frameworks",
				);
				PRODUCT_BUNDLE_IDENTIFIER = glink.LiveListProject;
				PRODUCT_NAME = "$(TARGET_NAME)";
				SWIFT_VERSION = 5.0;
				TARGETED_DEVICE_FAMILY = "1,2";
			};
			name = Debug;
		};
		07F1B8AC2644BF1500479068 /* Release */ = {
			isa = XCBuildConfiguration;
			buildSettings = {
				ASSETCATALOG_COMPILER_APPICON_NAME = AppIcon;
				ASSETCATALOG_COMPILER_GLOBAL_ACCENT_COLOR_NAME = AccentColor;
				CODE_SIGN_STYLE = Automatic;
				DEVELOPMENT_ASSET_PATHS = "\"LiveListProject/Preview Content\"";
				ENABLE_PREVIEWS = YES;
				INFOPLIST_FILE = LiveListProject/Info.plist;
				IPHONEOS_DEPLOYMENT_TARGET = 14.0;
				LD_RUNPATH_SEARCH_PATHS = (
					"$(inherited)",
					"@executable_path/Frameworks",
				);
				PRODUCT_BUNDLE_IDENTIFIER = glink.LiveListProject;
				PRODUCT_NAME = "$(TARGET_NAME)";
				SWIFT_VERSION = 5.0;
				TARGETED_DEVICE_FAMILY = "1,2";
			};
			name = Release;
		};
/* End XCBuildConfiguration section */

/* Begin XCConfigurationList section */
		07F1B8962644BF0D00479068 /* Build configuration list for PBXProject "LiveListProject" */ = {
			isa = XCConfigurationList;
			buildConfigurations = (
				07F1B8A82644BF1500479068 /* Debug */,
				07F1B8A92644BF1500479068 /* Release */,
			);
			defaultConfigurationIsVisible = 0;
			defaultConfigurationName = Release;
		};
		07F1B8AA2644BF1500479068 /* Build configuration list for PBXNativeTarget "LiveListProject" */ = {
			isa = XCConfigurationList;
			buildConfigurations = (
				07F1B8AB2644BF1500479068 /* Debug */,
				07F1B8AC2644BF1500479068 /* Release */,
			);
			defaultConfigurationIsVisible = 0;
			defaultConfigurationName = Release;
		};
/* End XCConfigurationList section */
	};
	rootObject = 07F1B8932644BF0D00479068 /* Project object */;
}
